
Microsoft Visual Studio Solution File, Format Version 12.00
# Visual Studio Version 16
VisualStudioVersion = 16.0.28922.388
MinimumVisualStudioVersion = 10.0.40219.1
Project("{FAE04EC0-301F-11D3-BF4B-00C04F79EFBC}") = "ProgramaDoTriangulo", "ProgramaDoTriangulo\ProgramaDoTriangulo.csproj", "{A3C01BC8-BD18-437B-AA5B-00C673731A2C}"
EndProject
Project("{FAE04EC0-301F-11D3-BF4B-00C04F79EFBC}") = "PrimeirosExercicios", "PrimeirosExercicios\PrimeirosExercicios.csproj", "{858FA0D2-C9C1-4EF7-8A60-DEE7584342F4}"
EndProject
Project("{FAE04EC0-301F-11D3-BF4B-00C04F79EFBC}") = "ControleDeEstoque", "ControleDeEstoque\ControleDeEstoque.csproj", "{537AD3BD-3036-49AC-A256-D9854C76CE0D}"
EndProject
Project("{9A19103F-16F7-4668-BE54-9A1E7A4F7556}") = "Exercício2", "Exercício2\Exercício2.csproj", "{2A019479-4A91-4F13-9D8A-0D323C2BDC88}"
EndProject
Project("{9A19103F-16F7-4668-BE54-9A1E7A4F7556}") = "Trigonometria", "Trigonometria\Trigonometria.csproj", "{C22EE450-FCD2-410A-B79D-96824D7B6193}"
EndProject
Project("{FAE04EC0-301F-11D3-BF4B-00C04F79EFBC}") = "Funcionario", "Funcionario\Funcionario.csproj", "{2E6D7514-819D-4C55-B486-6A57FE8D198E}"
EndProject
Project("{FAE04EC0-301F-11D3-BF4B-00C04F79EFBC}") = "CalculoAlunoAprovado", "CalculoAlunoAprovado\CalculoAlunoAprovado.csproj", "{24D6447F-CFAE-415F-8A1A-F1085E2536AC}"
EndProject
Global
	GlobalSection(SolutionConfigurationPlatforms) = preSolution
		Debug|Any CPU = Debug|Any CPU
		Release|Any CPU = Release|Any CPU
	EndGlobalSection
	GlobalSection(ProjectConfigurationPlatforms) = postSolution
		{A3C01BC8-BD18-437B-AA5B-00C673731A2C}.Debug|Any CPU.ActiveCfg = Debug|Any CPU
		{A3C01BC8-BD18-437B-AA5B-00C673731A2C}.Debug|Any CPU.Build.0 = Debug|Any CPU
		{A3C01BC8-BD18-437B-AA5B-00C673731A2C}.Release|Any CPU.ActiveCfg = Release|Any CPU
		{A3C01BC8-BD18-437B-AA5B-00C673731A2C}.Release|Any CPU.Build.0 = Release|Any CPU
		{858FA0D2-C9C1-4EF7-8A60-DEE7584342F4}.Debug|Any CPU.ActiveCfg = Debug|Any CPU
		{858FA0D2-C9C1-4EF7-8A60-DEE7584342F4}.Debug|Any CPU.Build.0 = Debug|Any CPU
		{858FA0D2-C9C1-4EF7-8A60-DEE7584342F4}.Release|Any CPU.ActiveCfg = Release|Any CPU
		{858FA0D2-C9C1-4EF7-8A60-DEE7584342F4}.Release|Any CPU.Build.0 = Release|Any CPU
		{537AD3BD-3036-49AC-A256-D9854C76CE0D}.Debug|Any CPU.ActiveCfg = Debug|Any CPU
		{537AD3BD-3036-49AC-A256-D9854C76CE0D}.Debug|Any CPU.Build.0 = Debug|Any CPU
		{537AD3BD-3036-49AC-A256-D9854C76CE0D}.Release|Any CPU.ActiveCfg = Release|Any CPU
		{537AD3BD-3036-49AC-A256-D9854C76CE0D}.Release|Any CPU.Build.0 = Release|Any CPU
		{2A019479-4A91-4F13-9D8A-0D323C2BDC88}.Debug|Any CPU.ActiveCfg = Debug|Any CPU
		{2A019479-4A91-4F13-9D8A-0D323C2BDC88}.Debug|Any CPU.Build.0 = Debug|Any CPU
		{2A019479-4A91-4F13-9D8A-0D323C2BDC88}.Release|Any CPU.ActiveCfg = Release|Any CPU
		{2A019479-4A91-4F13-9D8A-0D323C2BDC88}.Release|Any CPU.Build.0 = Release|Any CPU
		{C22EE450-FCD2-410A-B79D-96824D7B6193}.Debug|Any CPU.ActiveCfg = Debug|Any CPU
		{C22EE450-FCD2-410A-B79D-96824D7B6193}.Debug|Any CPU.Build.0 = Debug|Any CPU
		{C22EE450-FCD2-410A-B79D-96824D7B6193}.Release|Any CPU.ActiveCfg = Release|Any CPU
		{C22EE450-FCD2-410A-B79D-96824D7B6193}.Release|Any CPU.Build.0 = Release|Any CPU
		{2E6D7514-819D-4C55-B486-6A57FE8D198E}.Debug|Any CPU.ActiveCfg = Debug|Any CPU
		{2E6D7514-819D-4C55-B486-6A57FE8D198E}.Debug|Any CPU.Build.0 = Debug|Any CPU
		{2E6D7514-819D-4C55-B486-6A57FE8D198E}.Release|Any CPU.ActiveCfg = Release|Any CPU
		{2E6D7514-819D-4C55-B486-6A57FE8D198E}.Release|Any CPU.Build.0 = Release|Any CPU
		{24D6447F-CFAE-415F-8A1A-F1085E2536AC}.Debug|Any CPU.ActiveCfg = Debug|Any CPU
		{24D6447F-CFAE-415F-8A1A-F1085E2536AC}.Debug|Any CPU.Build.0 = Debug|Any CPU
		{24D6447F-CFAE-415F-8A1A-F1085E2536AC}.Release|Any CPU.ActiveCfg = Release|Any CPU
		{24D6447F-CFAE-415F-8A1A-F1085E2536AC}.Release|Any CPU.Build.0 = Release|Any CPU
	EndGlobalSection
	GlobalSection(SolutionProperties) = preSolution
		HideSolutionNode = FALSE
	EndGlobalSection
	GlobalSection(ExtensibilityGlobals) = postSolution
		SolutionGuid = {B45D5385-E2FF-484F-B5D2-CC58ED52A324}
	EndGlobalSection
EndGlobal
